
Microsoft Visual Studio Solution File, Format Version 12.00
# Visual Studio Version 17
VisualStudioVersion = 17.4.33213.308
MinimumVisualStudioVersion = 10.0.40219.1
Project("{FAE04EC0-301F-11D3-BF4B-00C04F79EFBC}") = "StudentProjectMgtSystem", "StudentProjectMgtSystem\StudentProjectMgtSystem.csproj", "{58F73830-FBDC-4902-93EF-3535B8633ABD}"
EndProject
Global
	GlobalSection(SolutionConfigurationPlatforms) = preSolution
		Debug|Any CPU = Debug|Any CPU
		Release|Any CPU = Release|Any CPU
	EndGlobalSection
	GlobalSection(ProjectConfigurationPlatforms) = postSolution
		{58F73830-FBDC-4902-93EF-3535B8633ABD}.Debug|Any CPU.ActiveCfg = Debug|Any CPU
		{58F73830-FBDC-4902-93EF-3535B8633ABD}.Debug|Any CPU.Build.0 = Debug|Any CPU
		{58F73830-FBDC-4902-93EF-3535B8633ABD}.Release|Any CPU.ActiveCfg = Release|Any CPU
		{58F73830-FBDC-4902-93EF-3535B8633ABD}.Release|Any CPU.Build.0 = Release|Any CPU
	EndGlobalSection
	GlobalSection(SolutionProperties) = preSolution
		HideSolutionNode = FALSE
	EndGlobalSection
	GlobalSection(ExtensibilityGlobals) = postSolution
		SolutionGuid = {E398B94E-2F03-4D67-AD54-3AF9EA67157D}
	EndGlobalSection
EndGlobal
